
Microsoft Visual Studio Solution File, Format Version 12.00
# Visual Studio 2012
Project("{FAE04EC0-301F-11D3-BF4B-00C04F79EFBC}") = "Problem9", "Problem9\Problem9.csproj", "{B628C046-2391-4D39-82C8-0F65841C2A39}"
EndProject
Global
	GlobalSection(SolutionConfigurationPlatforms) = preSolution
		Debug|Any CPU = Debug|Any CPU
		Release|Any CPU = Release|Any CPU
	EndGlobalSection
	GlobalSection(ProjectConfigurationPlatforms) = postSolution
		{B628C046-2391-4D39-82C8-0F65841C2A39}.Debug|Any CPU.ActiveCfg = Debug|Any CPU
		{B628C046-2391-4D39-82C8-0F65841C2A39}.Debug|Any CPU.Build.0 = Debug|Any CPU
		{B628C046-2391-4D39-82C8-0F65841C2A39}.Release|Any CPU.ActiveCfg = Release|Any CPU
		{B628C046-2391-4D39-82C8-0F65841C2A39}.Release|Any CPU.Build.0 = Release|Any CPU
	EndGlobalSection
	GlobalSection(SolutionProperties) = preSolution
		HideSolutionNode = FALSE
	EndGlobalSection
EndGlobal
